
Microsoft Visual Studio Solution File, Format Version 12.00
# Visual Studio Version 17
VisualStudioVersion = 17.7.34024.191
MinimumVisualStudioVersion = 10.0.40219.1
Project("{FAE04EC0-301F-11D3-BF4B-00C04F79EFBC}") = "VirtualBookshelfAPI", "VirtualBookshelfAPI\VirtualBookshelfAPI.csproj", "{A87FB19B-19D9-495B-A149-4E12FBF02BFB}"
EndProject
Global
	GlobalSection(SolutionConfigurationPlatforms) = preSolution
		Debug|Any CPU = Debug|Any CPU
		Release|Any CPU = Release|Any CPU
	EndGlobalSection
	GlobalSection(ProjectConfigurationPlatforms) = postSolution
		{A87FB19B-19D9-495B-A149-4E12FBF02BFB}.Debug|Any CPU.ActiveCfg = Debug|Any CPU
		{A87FB19B-19D9-495B-A149-4E12FBF02BFB}.Debug|Any CPU.Build.0 = Debug|Any CPU
		{A87FB19B-19D9-495B-A149-4E12FBF02BFB}.Release|Any CPU.ActiveCfg = Release|Any CPU
		{A87FB19B-19D9-495B-A149-4E12FBF02BFB}.Release|Any CPU.Build.0 = Release|Any CPU
	EndGlobalSection
	GlobalSection(SolutionProperties) = preSolution
		HideSolutionNode = FALSE
	EndGlobalSection
	GlobalSection(ExtensibilityGlobals) = postSolution
		SolutionGuid = {796DE04B-D370-44AC-80CD-E6430E036852}
	EndGlobalSection
EndGlobal
